
Microsoft Visual Studio Solution File, Format Version 12.00
# Visual Studio Version 16
VisualStudioVersion = 16.0.30517.126
MinimumVisualStudioVersion = 10.0.40219.1
Project("{9A19103F-16F7-4668-BE54-9A1E7A4F7556}") = "eShopSolution.WebApp", "eShopSolution.WebApp\eShopSolution.WebApp.csproj", "{E392F5E7-D702-4BF2-8F23-1A0FF7E3B3E4}"
EndProject
Project("{2150E333-8FDC-42A3-9474-1A3956D46DE8}") = "Solution Items", "Solution Items", "{A741DAE5-3FE4-434E-AF24-CE0ABD766D5B}"
	ProjectSection(SolutionItems) = preProject
		README.mb = README.mb
	EndProjectSection
EndProject
Project("{9A19103F-16F7-4668-BE54-9A1E7A4F7556}") = "eShopSolution.Data", "eShopSolution.Data\eShopSolution.Data.csproj", "{5A7DED34-A589-413B-9207-BA326E858DE3}"
EndProject
Project("{9A19103F-16F7-4668-BE54-9A1E7A4F7556}") = "eShopSolution.Application", "eShopSolution.Application\eShopSolution.Application.csproj", "{7628870D-20CC-4CBC-A183-112EEDCF0227}"
EndProject
Project("{FAE04EC0-301F-11D3-BF4B-00C04F79EFBC}") = "eShopSolution.Utilities", "eShopSolution.Utilities\eShopSolution.Utilities.csproj", "{90C35418-247C-4F99-99A1-D3FF39259CA3}"
EndProject
Global
	GlobalSection(SolutionConfigurationPlatforms) = preSolution
		Debug|Any CPU = Debug|Any CPU
		Release|Any CPU = Release|Any CPU
	EndGlobalSection
	GlobalSection(ProjectConfigurationPlatforms) = postSolution
		{E392F5E7-D702-4BF2-8F23-1A0FF7E3B3E4}.Debug|Any CPU.ActiveCfg = Debug|Any CPU
		{E392F5E7-D702-4BF2-8F23-1A0FF7E3B3E4}.Debug|Any CPU.Build.0 = Debug|Any CPU
		{E392F5E7-D702-4BF2-8F23-1A0FF7E3B3E4}.Release|Any CPU.ActiveCfg = Release|Any CPU
		{E392F5E7-D702-4BF2-8F23-1A0FF7E3B3E4}.Release|Any CPU.Build.0 = Release|Any CPU
		{5A7DED34-A589-413B-9207-BA326E858DE3}.Debug|Any CPU.ActiveCfg = Debug|Any CPU
		{5A7DED34-A589-413B-9207-BA326E858DE3}.Debug|Any CPU.Build.0 = Debug|Any CPU
		{5A7DED34-A589-413B-9207-BA326E858DE3}.Release|Any CPU.ActiveCfg = Release|Any CPU
		{5A7DED34-A589-413B-9207-BA326E858DE3}.Release|Any CPU.Build.0 = Release|Any CPU
		{7628870D-20CC-4CBC-A183-112EEDCF0227}.Debug|Any CPU.ActiveCfg = Debug|Any CPU
		{7628870D-20CC-4CBC-A183-112EEDCF0227}.Debug|Any CPU.Build.0 = Debug|Any CPU
		{7628870D-20CC-4CBC-A183-112EEDCF0227}.Release|Any CPU.ActiveCfg = Release|Any CPU
		{7628870D-20CC-4CBC-A183-112EEDCF0227}.Release|Any CPU.Build.0 = Release|Any CPU
		{90C35418-247C-4F99-99A1-D3FF39259CA3}.Debug|Any CPU.ActiveCfg = Debug|Any CPU
		{90C35418-247C-4F99-99A1-D3FF39259CA3}.Debug|Any CPU.Build.0 = Debug|Any CPU
		{90C35418-247C-4F99-99A1-D3FF39259CA3}.Release|Any CPU.ActiveCfg = Release|Any CPU
		{90C35418-247C-4F99-99A1-D3FF39259CA3}.Release|Any CPU.Build.0 = Release|Any CPU
	EndGlobalSection
	GlobalSection(SolutionProperties) = preSolution
		HideSolutionNode = FALSE
	EndGlobalSection
	GlobalSection(ExtensibilityGlobals) = postSolution
		SolutionGuid = {4C0FE5E5-E07E-4489-80ED-E98DB34B18E3}
	EndGlobalSection
EndGlobal
